
Microsoft Visual Studio Solution File, Format Version 12.00
# Visual Studio Version 17
VisualStudioVersion = 17.7.34221.43
MinimumVisualStudioVersion = 10.0.40219.1
Project("{9A19103F-16F7-4668-BE54-9A1E7A4F7556}") = "VrRunStartStop", "VrRunStartStop\VrRunStartStop.csproj", "{50E9CE21-A884-4009-A3BC-E6852C452FAA}"
EndProject
Global
	GlobalSection(SolutionConfigurationPlatforms) = preSolution
		Debug|Any CPU = Debug|Any CPU
		Release|Any CPU = Release|Any CPU
	EndGlobalSection
	GlobalSection(ProjectConfigurationPlatforms) = postSolution
		{50E9CE21-A884-4009-A3BC-E6852C452FAA}.Debug|Any CPU.ActiveCfg = Debug|Any CPU
		{50E9CE21-A884-4009-A3BC-E6852C452FAA}.Debug|Any CPU.Build.0 = Debug|Any CPU
		{50E9CE21-A884-4009-A3BC-E6852C452FAA}.Release|Any CPU.ActiveCfg = Release|Any CPU
		{50E9CE21-A884-4009-A3BC-E6852C452FAA}.Release|Any CPU.Build.0 = Release|Any CPU
	EndGlobalSection
	GlobalSection(SolutionProperties) = preSolution
		HideSolutionNode = FALSE
	EndGlobalSection
	GlobalSection(ExtensibilityGlobals) = postSolution
		SolutionGuid = {58A12BB9-4F66-4C03-AD99-EED3BA2B9ADC}
	EndGlobalSection
EndGlobal
